
Microsoft Visual Studio Solution File, Format Version 12.00
# Visual Studio Version 17
VisualStudioVersion = 17.1.32228.430
MinimumVisualStudioVersion = 10.0.40219.1
Project("{9A19103F-16F7-4668-BE54-9A1E7A4F7556}") = "TgBot", "TgBot\TgBot.csproj", "{9B11BEDA-4835-411D-BF15-F058EF7D6D9C}"
EndProject
Project("{9A19103F-16F7-4668-BE54-9A1E7A4F7556}") = "Data", "Data\Data.csproj", "{8E90A03F-6F4E-46BD-B2C3-4E091F65E22A}"
EndProject
Project("{9A19103F-16F7-4668-BE54-9A1E7A4F7556}") = "WcSync.Cli", "WcSync\WcSync.Cli\WcSync.Cli.csproj", "{1B275DC8-37A5-4E8A-A894-2E4137100DC5}"
EndProject
Project("{9A19103F-16F7-4668-BE54-9A1E7A4F7556}") = "WcSync.Db", "WcSync\WcSync.Db\WcSync.Db.csproj", "{74F76A76-E893-4FE8-BA11-0ECEAD4EDF90}"
EndProject
Project("{9A19103F-16F7-4668-BE54-9A1E7A4F7556}") = "WcSync.Model", "WcSync\WcSync.Model\WcSync.Model.csproj", "{F6E8E04D-BC3F-484B-9481-A6B4BC21BA16}"
EndProject
Project("{9A19103F-16F7-4668-BE54-9A1E7A4F7556}") = "WcSync.Sync", "WcSync\WcSync.Sync\WcSync.Sync.csproj", "{0E5FE1FF-D61C-4E45-A96B-AFB7845E4D34}"
EndProject
Project("{9A19103F-16F7-4668-BE54-9A1E7A4F7556}") = "WcSync.Tests", "WcSync\WcSync.Tests\WcSync.Tests.csproj", "{ED4D16A9-F581-40CA-B7EC-2F6AE0E1FD82}"
EndProject
Project("{9A19103F-16F7-4668-BE54-9A1E7A4F7556}") = "WcSync.Wc", "WcSync\WcSync.Wc\WcSync.Wc.csproj", "{78ADD5CB-0285-4A4B-9512-5125251A979C}"
EndProject
Project("{2150E333-8FDC-42A3-9474-1A3956D46DE8}") = "WcSync", "WcSync", "{2221ACDB-346B-4197-8D3E-B399501B7306}"
EndProject
Project("{2150E333-8FDC-42A3-9474-1A3956D46DE8}") = "Api", "Api", "{38917DB6-5A76-46D1-90C0-A1098CDAD443}"
EndProject
Project("{9A19103F-16F7-4668-BE54-9A1E7A4F7556}") = "Api.Service", "Api\Api.Service\Api.Service.csproj", "{7EE7AFB5-8592-48AF-82F0-62A1EA9F4FDE}"
EndProject
Project("{FAE04EC0-301F-11D3-BF4B-00C04F79EFBC}") = "Api.Tests", "Api\Api.Tests\Api.Tests.csproj", "{AA46FE78-AD94-4F0A-A073-57EF26E4D32A}"
EndProject
Global
	GlobalSection(SolutionConfigurationPlatforms) = preSolution
		Debug|Any CPU = Debug|Any CPU
		Release|Any CPU = Release|Any CPU
	EndGlobalSection
	GlobalSection(ProjectConfigurationPlatforms) = postSolution
		{9B11BEDA-4835-411D-BF15-F058EF7D6D9C}.Debug|Any CPU.ActiveCfg = Debug|Any CPU
		{9B11BEDA-4835-411D-BF15-F058EF7D6D9C}.Debug|Any CPU.Build.0 = Debug|Any CPU
		{9B11BEDA-4835-411D-BF15-F058EF7D6D9C}.Release|Any CPU.ActiveCfg = Release|Any CPU
		{9B11BEDA-4835-411D-BF15-F058EF7D6D9C}.Release|Any CPU.Build.0 = Release|Any CPU
		{8E90A03F-6F4E-46BD-B2C3-4E091F65E22A}.Debug|Any CPU.ActiveCfg = Debug|Any CPU
		{8E90A03F-6F4E-46BD-B2C3-4E091F65E22A}.Debug|Any CPU.Build.0 = Debug|Any CPU
		{8E90A03F-6F4E-46BD-B2C3-4E091F65E22A}.Release|Any CPU.ActiveCfg = Release|Any CPU
		{8E90A03F-6F4E-46BD-B2C3-4E091F65E22A}.Release|Any CPU.Build.0 = Release|Any CPU
		{1B275DC8-37A5-4E8A-A894-2E4137100DC5}.Debug|Any CPU.ActiveCfg = Debug|Any CPU
		{1B275DC8-37A5-4E8A-A894-2E4137100DC5}.Debug|Any CPU.Build.0 = Debug|Any CPU
		{1B275DC8-37A5-4E8A-A894-2E4137100DC5}.Release|Any CPU.ActiveCfg = Release|Any CPU
		{1B275DC8-37A5-4E8A-A894-2E4137100DC5}.Release|Any CPU.Build.0 = Release|Any CPU
		{74F76A76-E893-4FE8-BA11-0ECEAD4EDF90}.Debug|Any CPU.ActiveCfg = Debug|Any CPU
		{74F76A76-E893-4FE8-BA11-0ECEAD4EDF90}.Debug|Any CPU.Build.0 = Debug|Any CPU
		{74F76A76-E893-4FE8-BA11-0ECEAD4EDF90}.Release|Any CPU.ActiveCfg = Release|Any CPU
		{74F76A76-E893-4FE8-BA11-0ECEAD4EDF90}.Release|Any CPU.Build.0 = Release|Any CPU
		{F6E8E04D-BC3F-484B-9481-A6B4BC21BA16}.Debug|Any CPU.ActiveCfg = Debug|Any CPU
		{F6E8E04D-BC3F-484B-9481-A6B4BC21BA16}.Debug|Any CPU.Build.0 = Debug|Any CPU
		{F6E8E04D-BC3F-484B-9481-A6B4BC21BA16}.Release|Any CPU.ActiveCfg = Release|Any CPU
		{F6E8E04D-BC3F-484B-9481-A6B4BC21BA16}.Release|Any CPU.Build.0 = Release|Any CPU
		{0E5FE1FF-D61C-4E45-A96B-AFB7845E4D34}.Debug|Any CPU.ActiveCfg = Debug|Any CPU
		{0E5FE1FF-D61C-4E45-A96B-AFB7845E4D34}.Debug|Any CPU.Build.0 = Debug|Any CPU
		{0E5FE1FF-D61C-4E45-A96B-AFB7845E4D34}.Release|Any CPU.ActiveCfg = Release|Any CPU
		{0E5FE1FF-D61C-4E45-A96B-AFB7845E4D34}.Release|Any CPU.Build.0 = Release|Any CPU
		{ED4D16A9-F581-40CA-B7EC-2F6AE0E1FD82}.Debug|Any CPU.ActiveCfg = Debug|Any CPU
		{ED4D16A9-F581-40CA-B7EC-2F6AE0E1FD82}.Debug|Any CPU.Build.0 = Debug|Any CPU
		{ED4D16A9-F581-40CA-B7EC-2F6AE0E1FD82}.Release|Any CPU.ActiveCfg = Release|Any CPU
		{ED4D16A9-F581-40CA-B7EC-2F6AE0E1FD82}.Release|Any CPU.Build.0 = Release|Any CPU
		{78ADD5CB-0285-4A4B-9512-5125251A979C}.Debug|Any CPU.ActiveCfg = Debug|Any CPU
		{78ADD5CB-0285-4A4B-9512-5125251A979C}.Debug|Any CPU.Build.0 = Debug|Any CPU
		{78ADD5CB-0285-4A4B-9512-5125251A979C}.Release|Any CPU.ActiveCfg = Release|Any CPU
		{78ADD5CB-0285-4A4B-9512-5125251A979C}.Release|Any CPU.Build.0 = Release|Any CPU
		{7EE7AFB5-8592-48AF-82F0-62A1EA9F4FDE}.Debug|Any CPU.ActiveCfg = Debug|Any CPU
		{7EE7AFB5-8592-48AF-82F0-62A1EA9F4FDE}.Debug|Any CPU.Build.0 = Debug|Any CPU
		{7EE7AFB5-8592-48AF-82F0-62A1EA9F4FDE}.Release|Any CPU.ActiveCfg = Release|Any CPU
		{7EE7AFB5-8592-48AF-82F0-62A1EA9F4FDE}.Release|Any CPU.Build.0 = Release|Any CPU
		{AA46FE78-AD94-4F0A-A073-57EF26E4D32A}.Debug|Any CPU.ActiveCfg = Debug|Any CPU
		{AA46FE78-AD94-4F0A-A073-57EF26E4D32A}.Debug|Any CPU.Build.0 = Debug|Any CPU
		{AA46FE78-AD94-4F0A-A073-57EF26E4D32A}.Release|Any CPU.ActiveCfg = Release|Any CPU
		{AA46FE78-AD94-4F0A-A073-57EF26E4D32A}.Release|Any CPU.Build.0 = Release|Any CPU
	EndGlobalSection
	GlobalSection(SolutionProperties) = preSolution
		HideSolutionNode = FALSE
	EndGlobalSection
	GlobalSection(NestedProjects) = preSolution
		{1B275DC8-37A5-4E8A-A894-2E4137100DC5} = {2221ACDB-346B-4197-8D3E-B399501B7306}
		{74F76A76-E893-4FE8-BA11-0ECEAD4EDF90} = {2221ACDB-346B-4197-8D3E-B399501B7306}
		{F6E8E04D-BC3F-484B-9481-A6B4BC21BA16} = {2221ACDB-346B-4197-8D3E-B399501B7306}
		{0E5FE1FF-D61C-4E45-A96B-AFB7845E4D34} = {2221ACDB-346B-4197-8D3E-B399501B7306}
		{ED4D16A9-F581-40CA-B7EC-2F6AE0E1FD82} = {2221ACDB-346B-4197-8D3E-B399501B7306}
		{78ADD5CB-0285-4A4B-9512-5125251A979C} = {2221ACDB-346B-4197-8D3E-B399501B7306}
		{7EE7AFB5-8592-48AF-82F0-62A1EA9F4FDE} = {38917DB6-5A76-46D1-90C0-A1098CDAD443}
		{AA46FE78-AD94-4F0A-A073-57EF26E4D32A} = {38917DB6-5A76-46D1-90C0-A1098CDAD443}
	EndGlobalSection
	GlobalSection(ExtensibilityGlobals) = postSolution
		SolutionGuid = {2AD764C7-EA76-4C3D-ADE6-87C8B6D430B1}
	EndGlobalSection
EndGlobal
